
Microsoft Visual Studio Solution File, Format Version 12.00
# Visual Studio 14
VisualStudioVersion = 14.0.25420.1
MinimumVisualStudioVersion = 10.0.40219.1
Project("{2150E333-8FDC-42A3-9474-1A3956D46DE8}") = "7.1.Class Definition(17)", "7.1.Class Definition(17)", "{4E629711-0B67-477D-9AE4-3AF1650A8875}"
	ProjectSection(SolutionItems) = preProject
		7.1.15. CSharp Accessibility Keywords.txt = 7.1.15. CSharp Accessibility Keywords.txt
		Classes .txt = Classes .txt
	EndProjectSection
EndProject
Project("{FAE04EC0-301F-11D3-BF4B-00C04F79EFBC}") = "7.1.1. Class Fundamentals", "7.1.1. Class Fundamentals\7.1.1. Class Fundamentals.csproj", "{FC8218F9-FA9C-41CC-9DF9-F6C78FECDA7D}"
EndProject
Project("{FAE04EC0-301F-11D3-BF4B-00C04F79EFBC}") = "7.1.2. The General Form of a Class", "7.1.2. The General Form of a Class\7.1.2. The General Form of a Class.csproj", "{79864C84-5C5D-4825-8845-BFB29FC36388}"
EndProject
Project("{FAE04EC0-301F-11D3-BF4B-00C04F79EFBC}") = "7.1.3 class definition syntax", "7.1.3 class definition syntax\7.1.3 class definition syntax.csproj", "{7F57BF43-0FA3-4666-9A76-D3E8E289BB8F}"
EndProject
Project("{FAE04EC0-301F-11D3-BF4B-00C04F79EFBC}") = "7.1.4. A simple, but complete, CSharp class", "7.1.4. A simple, but complete, CSharp class\7.1.4. A simple, but complete, CSharp class.csproj", "{CB191425-8F47-4231-99AA-58017191217D}"
EndProject
Project("{FAE04EC0-301F-11D3-BF4B-00C04F79EFBC}") = "7.1.5.  member fields and constrctor", "7.1.5.  member fields and constrctor\7.1.5.  member fields and constrctor.csproj", "{3EBE3B6B-76F8-4A62-831D-F9773C048591}"
EndProject
Project("{FAE04EC0-301F-11D3-BF4B-00C04F79EFBC}") = "7.1.6. Declare an object of type Building", "7.1.6. Declare an object of type Building\7.1.6. Declare an object of type Building.csproj", "{938CF6DA-20FA-4C47-956E-C0ED005B7E2F}"
EndProject
Project("{FAE04EC0-301F-11D3-BF4B-00C04F79EFBC}") = "7.1.7. Create two objects for one class", "7.1.7. Create two objects for one class\7.1.7. Create two objects for one class.csproj", "{0EBEA8FA-E31D-4009-AD55-DC0421831E2D}"
EndProject
Project("{FAE04EC0-301F-11D3-BF4B-00C04F79EFBC}") = "7.1.8. Copy a class", "7.1.8. Copy a class\7.1.8. Copy a class.csproj", "{1728D152-E92D-4A94-9427-CC0B30F11D27}"
EndProject
Project("{FAE04EC0-301F-11D3-BF4B-00C04F79EFBC}") = "7.1.9. Encapsulation example", "7.1.9. Encapsulation example\7.1.9. Encapsulation example.csproj", "{8F3AE7E7-BA92-42C8-9C6A-1C3BC09C1A18}"
EndProject
Project("{FAE04EC0-301F-11D3-BF4B-00C04F79EFBC}") = "7.1.10. Class can contain class", "7.1.10. Class can contain class\7.1.10. Class can contain class.csproj", "{00CF6488-15C4-4589-BA13-6731B24FE2BB}"
EndProject
Project("{FAE04EC0-301F-11D3-BF4B-00C04F79EFBC}") = "7.1.11. Inherited member methods and fields", "7.1.11. Inherited member methods and fields\7.1.11. Inherited member methods and fields.csproj", "{88264074-E84B-48A2-9918-BDDE87EE9632}"
EndProject
Project("{FAE04EC0-301F-11D3-BF4B-00C04F79EFBC}") = "7.1.12. Reference to Base Class", "7.1.12. Reference to Base Class\7.1.12. Reference to Base Class.csproj", "{55FFC892-0B14-42A1-AD36-3F608BD4A1B8}"
EndProject
Project("{FAE04EC0-301F-11D3-BF4B-00C04F79EFBC}") = "7.1.13. Implement multiple interfaces", "7.1.13. Implement multiple interfaces\7.1.13. Implement multiple interfaces.csproj", "{E99EEE5A-65E6-4C03-9D50-042BA27668D1}"
EndProject
Project("{FAE04EC0-301F-11D3-BF4B-00C04F79EFBC}") = "GenericList", "GenericList\GenericList.csproj", "{C16648FE-AF1F-4011-A50F-0C797BA4B97E}"
EndProject
Project("{FAE04EC0-301F-11D3-BF4B-00C04F79EFBC}") = "Generic Tip", "Generic Tip\Generic Tip.csproj", "{73D42435-CAB6-4A31-A0BB-73B6FC1AFDB2}"
EndProject
Project("{FAE04EC0-301F-11D3-BF4B-00C04F79EFBC}") = "GenericClass", "GenericClass\GenericClass.csproj", "{DA508BF1-F732-4128-9261-8758993913A3}"
EndProject
Project("{FAE04EC0-301F-11D3-BF4B-00C04F79EFBC}") = "7.1.14. Extends class and implements interface", "7.1.14. Extends class and implements interface\7.1.14. Extends class and implements interface.csproj", "{E3109D8D-1A12-457B-A066-9AC7D3D1B47D}"
EndProject
Project("{FAE04EC0-301F-11D3-BF4B-00C04F79EFBC}") = "7.1.17. Value Types  class vs struct", "7.1.17. Value Types  class vs struct\7.1.17. Value Types  class vs struct.csproj", "{5F22A1CA-E40E-4AEC-8332-DAFF32DC5DBC}"
EndProject
Project("{2150E333-8FDC-42A3-9474-1A3956D46DE8}") = "7.2.Class Instance(6)", "7.2.Class Instance(6)", "{2DD92529-1789-4D55-94CA-1C99CF811B95}"
EndProject
Project("{FAE04EC0-301F-11D3-BF4B-00C04F79EFBC}") = "7.2.1. Invoke a method in a class", "7.2.1. Invoke a method in a class\7.2.1. Invoke a method in a class.csproj", "{99D3CE1E-DF34-4E82-A3AC-2C472D631EA2}"
EndProject
Project("{FAE04EC0-301F-11D3-BF4B-00C04F79EFBC}") = "7.2.2. Instance Class Members", "7.2.2. Instance Class Members\7.2.2. Instance Class Members.csproj", "{784FC96E-49E8-4792-AE95-B946983B3E0D}"
EndProject
Project("{FAE04EC0-301F-11D3-BF4B-00C04F79EFBC}") = "7.2.3. Try to change static value in different instance", "7.2.3. Try to change static value in different instance\7.2.3. Try to change static value in different instance.csproj", "{30C49B2E-F91F-41B8-BE55-FD43456F2277}"
EndProject
Project("{FAE04EC0-301F-11D3-BF4B-00C04F79EFBC}") = "7.2.4. public member method", "7.2.4. public member method\7.2.4. public member method.csproj", "{2873347F-88FC-45D0-92AA-F303CE0FFB45}"
EndProject
Project("{FAE04EC0-301F-11D3-BF4B-00C04F79EFBC}") = "7.2.5. Creating an array of objects", "7.2.5. Creating an array of objects\7.2.5. Creating an array of objects.csproj", "{0F8A722F-C1E9-4BD7-9ECB-4CDFB1B8F7E6}"
EndProject
Project("{FAE04EC0-301F-11D3-BF4B-00C04F79EFBC}") = "7.2.6. Call GetType and ToString on object instance", "7.2.6. Call GetType and ToString on object instance\7.2.6. Call GetType and ToString on object instance.csproj", "{0A8832CC-0028-4186-B67C-AE39FC4436E4}"
EndProject
Project("{2150E333-8FDC-42A3-9474-1A3956D46DE8}") = "7.3.Object Reference(13)", "7.3.Object Reference(13)", "{90356450-3807-4EDB-B250-597F52B93C71}"
	ProjectSection(SolutionItems) = preProject
		7.3.9. Reference equals\Comparing Values for Equality .docx = 7.3.9. Reference equals\Comparing Values for Equality .docx
	EndProjectSection
EndProject
Project("{FAE04EC0-301F-11D3-BF4B-00C04F79EFBC}") = "7.3.1. Declare class fields and methods", "7.3.1. Declare class fields and methods\7.3.1. Declare class fields and methods.csproj", "{8E12A3CE-944F-41A4-AA64-15361DE99C02}"
EndProject
Project("{FAE04EC0-301F-11D3-BF4B-00C04F79EFBC}") = "7.3.6. Declare another House object", "7.3.6. Declare another House object\7.3.6. Declare another House object.csproj", "{C48F8B5B-7588-4B93-A090-EB535531BBC1}"
EndProject
Project("{FAE04EC0-301F-11D3-BF4B-00C04F79EFBC}") = "Parameters", "Parameters\Parameters.csproj", "{07998A34-0B77-4EC4-86A1-78E7F79E663E}"
EndProject
Project("{FAE04EC0-301F-11D3-BF4B-00C04F79EFBC}") = "StructsAndEnums", "StructsAndEnums\StructsAndEnums.csproj", "{B2EBD4E7-E28A-4640-974D-889EA8499F63}"
EndProject
Project("{FAE04EC0-301F-11D3-BF4B-00C04F79EFBC}") = "Cards", "Cards\Cards.csproj", "{D1BC56B0-9F8F-42D2-8A10-4407B7E22F99}"
EndProject
Project("{FAE04EC0-301F-11D3-BF4B-00C04F79EFBC}") = "7.3.7. Change the object referenced", "7.3.7. Change the object referenced\7.3.7. Change the object referenced.csproj", "{21D4FD82-E37F-4956-95C5-93C24407FC7D}"
EndProject
Project("{FAE04EC0-301F-11D3-BF4B-00C04F79EFBC}") = "7.3.8. Reference type equals complex number", "7.3.8. Reference type equals complex number\7.3.8. Reference type equals complex number.csproj", "{DECFE311-B28A-4B0E-8C21-0A77869507F7}"
EndProject
Project("{FAE04EC0-301F-11D3-BF4B-00C04F79EFBC}") = "7.3.9. Reference equals", "7.3.9. Reference equals\7.3.9. Reference equals.csproj", "{6ABE62EC-8642-47F4-9D96-029DA1505AB1}"
EndProject
Project("{FAE04EC0-301F-11D3-BF4B-00C04F79EFBC}") = "7.3.10. Reference a static member", "7.3.10. Reference a static member\7.3.10. Reference a static member.csproj", "{E852DDD5-7D79-42D9-8C78-16C46623AA89}"
EndProject
Project("{FAE04EC0-301F-11D3-BF4B-00C04F79EFBC}") = "7.3.11. Overridden Equals", "7.3.11. Overridden Equals\7.3.11. Overridden Equals.csproj", "{0124B1A1-7733-4D39-8DC7-26DE542CE14C}"
EndProject
Project("{FAE04EC0-301F-11D3-BF4B-00C04F79EFBC}") = "7.3.12. Reference an object by interface and class", "7.3.12. Reference an object by interface and class\7.3.12. Reference an object by interface and class.csproj", "{6CE17919-D8EE-4BAF-AEA5-7BDD551A276B}"
EndProject
Project("{FAE04EC0-301F-11D3-BF4B-00C04F79EFBC}") = "7.3.13. Pass reference type variable without out and ref", "7.3.13. Pass reference type variable without out and ref\7.3.13. Pass reference type variable without out and ref.csproj", "{A41C27D6-AF8B-48B2-BB3B-63F5B3540404}"
EndProject
Project("{FAE04EC0-301F-11D3-BF4B-00C04F79EFBC}") = "7.3.14. Use interface as reference", "7.3.14. Use interface as reference\7.3.14. Use interface as reference.csproj", "{4312D3C0-1DA6-478C-A660-2D7DA2EF8A25}"
EndProject
Project("{FAE04EC0-301F-11D3-BF4B-00C04F79EFBC}") = "Tutorial 6 Constructors Properties", "Tutorial 6 Constructors Properties\Tutorial 6 Constructors Properties.csproj", "{9C240531-4202-48FA-991A-3792F5B50678}"
EndProject
Project("{FAE04EC0-301F-11D3-BF4B-00C04F79EFBC}") = "Tutorial 5 Classes", "Tutorial 5 Classes\Tutorial 5 Classes.csproj", "{8D270C45-2690-4F00-BBEB-11A0401A6212}"
EndProject
Project("{FAE04EC0-301F-11D3-BF4B-00C04F79EFBC}") = "Tutorial 7 Inheritance Polymorphism", "Tutorial 7 Inheritance Polymorphism\Tutorial 7 Inheritance Polymorphism.csproj", "{CBB23E1D-7FDD-4553-A870-B1B7F5BFC604}"
EndProject
Project("{FAE04EC0-301F-11D3-BF4B-00C04F79EFBC}") = "Tutorial 9 Abstract Class Polymorphism", "Tutorial 9 Abstract Class Polymorphism\Tutorial 9 Abstract Class Polymorphism.csproj", "{F4D4B51C-274A-485A-9458-CC2EA0CA8EAD}"
EndProject
Project("{FAE04EC0-301F-11D3-BF4B-00C04F79EFBC}") = "Tutorial 8 OOP Game", "Tutorial 8 OOP Game\Tutorial 8 OOP Game.csproj", "{62C79838-39D4-4F86-81A7-2680563D09CC}"
EndProject
Project("{FAE04EC0-301F-11D3-BF4B-00C04F79EFBC}") = "Tutorial 10 Interfaces", "Tutorial 10 Interfaces\Tutorial 10 Interfaces.csproj", "{D6A2DC17-69F4-40EA-8BCC-B14A46259A20}"
EndProject
Project("{FAE04EC0-301F-11D3-BF4B-00C04F79EFBC}") = "7.3.15. Reference one object by multiple interfaces", "7.3.15. Reference one object by multiple interfaces\7.3.15. Reference one object by multiple interfaces.csproj", "{3536E1E0-1866-4D50-B952-52481197E0A5}"
EndProject
Project("{FAE04EC0-301F-11D3-BF4B-00C04F79EFBC}") = "7.3.16. Class comparison", "7.3.16. Class comparison\7.3.16. Class comparison.csproj", "{6A990C4F-FB31-406F-92AE-7FBDC25E0CC9}"
EndProject
Project("{2150E333-8FDC-42A3-9474-1A3956D46DE8}") = "7.4.Member Method(6)", "7.4.Member Method(6)", "{5319D63B-8269-4BDF-94F3-9ADE27C002D3}"
EndProject
Project("{FAE04EC0-301F-11D3-BF4B-00C04F79EFBC}") = "7.4.1. Define methods", "7.4.1. Define methods\7.4.1. Define methods.csproj", "{76593FE4-39DE-413F-B8A8-E5B9DD675D15}"
EndProject
Project("{FAE04EC0-301F-11D3-BF4B-00C04F79EFBC}") = "7.4.2. Member Functions", "7.4.2. Member Functions\7.4.2. Member Functions.csproj", "{9CFD6DF8-6F35-4DEB-800C-55F64A5C8899}"
EndProject
Project("{FAE04EC0-301F-11D3-BF4B-00C04F79EFBC}") = "7.4.3. Nested methods", "7.4.3. Nested methods\7.4.3. Nested methods.csproj", "{EBAA6BA8-EC41-4B3E-A849-65A13A04D8E2}"
EndProject
Project("{FAE04EC0-301F-11D3-BF4B-00C04F79EFBC}") = "7.4.4. Return a value from a member method", "7.4.4. Return a value from a member method\7.4.4. Return a value from a member method.csproj", "{B693802E-2E41-4DA4-B5A7-0646922CBBF4}"
EndProject
Project("{FAE04EC0-301F-11D3-BF4B-00C04F79EFBC}") = "7.4.5. Define Rectangle class", "7.4.5. Define Rectangle class\7.4.5. Define Rectangle class.csproj", "{110668E2-3D94-4E23-B32F-E709B8A24C08}"
EndProject
Project("{FAE04EC0-301F-11D3-BF4B-00C04F79EFBC}") = "7.4.6. Object Class Methods", "7.4.6. Object Class Methods\7.4.6. Object Class Methods.csproj", "{07656B88-22C2-48F8-83E2-5767B3AB2F92}"
EndProject
Project("{2150E333-8FDC-42A3-9474-1A3956D46DE8}") = "7.5.Member Variable(8)", "7.5.Member Variable(8)", "{C5E73DA3-0402-4618-A24F-CE6A22495E6C}"
EndProject
Project("{FAE04EC0-301F-11D3-BF4B-00C04F79EFBC}") = "7.5.1. fields", "7.5.1. fields\7.5.1. fields.csproj", "{AFCFF3B1-2080-4718-ACA3-860D4D3C0083}"
EndProject
Project("{FAE04EC0-301F-11D3-BF4B-00C04F79EFBC}") = "7.5.2. A class with method and member variables", "7.5.2. A class with method and member variables\7.5.2. A class with method and member variables.csproj", "{3D47C4B4-E140-4888-8722-CF4571F9363D}"
EndProject
Project("{FAE04EC0-301F-11D3-BF4B-00C04F79EFBC}") = "7.5.3. field initialization", "7.5.3. field initialization\7.5.3. field initialization.csproj", "{8E1729E3-0997-400D-9107-F32E1D404530}"
EndProject
Project("{FAE04EC0-301F-11D3-BF4B-00C04F79EFBC}") = "7.5.4. Add a method to access the field variables", "7.5.4. Add a method to access the field variables\7.5.4. Add a method to access the field variables.csproj", "{016D5506-E17D-44A3-833E-B3E38779502F}"
EndProject
Project("{FAE04EC0-301F-11D3-BF4B-00C04F79EFBC}") = "7.5.5. Call base constructor to init member variables", "7.5.5. Call base constructor to init member variables\7.5.5. Call base constructor to init member variables.csproj", "{F76A6434-ABFA-4337-A593-15A28E077911}"
EndProject
Project("{FAE04EC0-301F-11D3-BF4B-00C04F79EFBC}") = "7.5.6. Use this and base together to init a class", "7.5.6. Use this and base together to init a class\7.5.6. Use this and base together to init a class.csproj", "{EE0D3F2C-D253-4854-BC34-53F6FD119A09}"
EndProject
Project("{FAE04EC0-301F-11D3-BF4B-00C04F79EFBC}") = "7.5.7. How to use a 'has a' relationship", "7.5.7. How to use a 'has a' relationship\7.5.7. How to use a 'has a' relationship.csproj", "{35F94E70-8178-441E-9CB4-D7639652AD1D}"
EndProject
Project("{FAE04EC0-301F-11D3-BF4B-00C04F79EFBC}") = "7.5.8. Illustrates how to assign default values", "7.5.8. Illustrates how to assign default values\7.5.8. Illustrates how to assign default values.csproj", "{02A3F2EB-7042-4FA2-8184-B1D6CAD8DA52}"
EndProject
Project("{2150E333-8FDC-42A3-9474-1A3956D46DE8}") = "7.6.Method Parameter( 16 )", "7.6.Method Parameter( 16 )", "{47A7916E-DE91-4E62-A122-59427E2E8F5F}"
	ProjectSection(SolutionItems) = preProject
		7.6.1. How Arguments Are Passed.cs = 7.6.1. How Arguments Are Passed.cs
		7.6.15. CSharp Parameter Modifiers = 7.6.15. CSharp Parameter Modifiers
		7.6.2. Parameter modifiers.cs = 7.6.2. Parameter modifiers.cs
	EndProjectSection
EndProject
Project("{FAE04EC0-301F-11D3-BF4B-00C04F79EFBC}") = "7.6.3. Pass int value to a function", "7.6.3. Pass int value to a function\7.6.3. Pass int value to a function.csproj", "{7A804390-440C-4D9D-BB7A-FC798F8B3C63}"
EndProject
Project("{FAE04EC0-301F-11D3-BF4B-00C04F79EFBC}") = "7.6.4. Use a parameter in a member function", "7.6.4. Use a parameter in a member function\7.6.4. Use a parameter in a member function.csproj", "{D4EA7F11-42FB-42FD-91F7-7D6FD25B97A5}"
EndProject
Project("{FAE04EC0-301F-11D3-BF4B-00C04F79EFBC}") = "7.6.5. A member function with two arguments", "7.6.5. A member function with two arguments\7.6.5. A member function with two arguments.csproj", "{1C216D96-BEE3-44E5-9736-D991C8F10A44}"
EndProject
Project("{FAE04EC0-301F-11D3-BF4B-00C04F79EFBC}") = "7.6.6. Pass int without 'out' and 'ref'", "7.6.6. Pass int without 'out' and 'ref'\7.6.6. Pass int without 'out' and 'ref'.csproj", "{D080204C-179C-45F1-B0D7-F26138EF118E}"
EndProject
Project("{FAE04EC0-301F-11D3-BF4B-00C04F79EFBC}") = "7.6.7. Pass integer by ref", "7.6.7. Pass integer by ref\7.6.7. Pass integer by ref.csproj", "{533BAF64-D92F-47D3-9365-5AD621B50484}"
EndProject
Project("{FAE04EC0-301F-11D3-BF4B-00C04F79EFBC}") = "7.6.8. ref parameters", "7.6.8. ref parameters\7.6.8. ref parameters.csproj", "{4AC7161C-377B-484E-8720-7E6FF348C1C3}"
EndProject
Project("{FAE04EC0-301F-11D3-BF4B-00C04F79EFBC}") = "7.6.9. Pass integer value by value", "7.6.9. Pass integer value by value\7.6.9. Pass integer value by value.csproj", "{F13B6C92-8CC9-468C-B222-42611E772E88}"
EndProject
Project("{FAE04EC0-301F-11D3-BF4B-00C04F79EFBC}") = "7.6.10. params int[] args", "7.6.10. params int[] args\7.6.10. params int[] args.csproj", "{07474422-2C35-4526-942C-8A8DE727E564}"
EndProject
Project("{FAE04EC0-301F-11D3-BF4B-00C04F79EFBC}") = "7.6.11. Use out for int type", "7.6.11. Use out for int type\7.6.11. Use out for int type.csproj", "{7F87FFB4-1065-4EEF-8E18-412B346E7A40}"
EndProject
Project("{FAE04EC0-301F-11D3-BF4B-00C04F79EFBC}") = "7.6.12. Creating a method with a reference argument", "7.6.12. Creating a method with a reference argument\7.6.12. Creating a method with a reference argument.csproj", "{E07EAC73-4547-438A-B3CA-6CA723A8D8E4}"
EndProject
Project("{FAE04EC0-301F-11D3-BF4B-00C04F79EFBC}") = "7.6.13. Variable arguments to a method in CSharp", "7.6.13. Variable arguments to a method in CSharp\7.6.13. Variable arguments to a method in CSharp.csproj", "{ADB854B0-0851-4F84-B822-5A551A6514C1}"
EndProject
Project("{FAE04EC0-301F-11D3-BF4B-00C04F79EFBC}") = "7.6.14. Method parameter hides the class member field", "7.6.14. Method parameter hides the class member field\7.6.14. Method parameter hides the class member field.csproj", "{15832E0A-8246-4FF6-980A-30087DE8773A}"
EndProject
Project("{FAE04EC0-301F-11D3-BF4B-00C04F79EFBC}") = "7.6.16. use of 'outer variable' in anonymous method", "7.6.16. use of 'outer variable' in anonymous method\7.6.16. use of 'outer variable' in anonymous method.csproj", "{C1E75B60-F728-45F4-B95E-8CB963E0673D}"
EndProject
Project("{2150E333-8FDC-42A3-9474-1A3956D46DE8}") = "7.7.Method Return(6)", "7.7.Method Return(6)", "{20AF03C1-16EC-4F3A-A9C2-0CD80E380651}"
EndProject
Project("{FAE04EC0-301F-11D3-BF4B-00C04F79EFBC}") = "7.7.1. Return int from function", "7.7.1. Return int from function\7.7.1. Return int from function.csproj", "{C133327C-A19F-428E-A36B-62F58BBBF6E9}"
EndProject
Project("{FAE04EC0-301F-11D3-BF4B-00C04F79EFBC}") = "7.7.2. Return an object", "7.7.2. Return an object\7.7.2. Return an object.csproj", "{6C672429-3C72-4ECD-9BC8-BE562B5F6B9E}"
EndProject
Project("{FAE04EC0-301F-11D3-BF4B-00C04F79EFBC}") = "7.7.3. Use a class factory", "7.7.3. Use a class factory\7.7.3. Use a class factory.csproj", "{1E115039-2811-4651-A5E7-C0E6E871A782}"
EndProject
Project("{FAE04EC0-301F-11D3-BF4B-00C04F79EFBC}") = "7.7.4. Return an array", "7.7.4. Return an array\7.7.4. Return an array.csproj", "{3B77AB74-0F33-440B-8701-F8304066F251}"
EndProject
Project("{FAE04EC0-301F-11D3-BF4B-00C04F79EFBC}") = "7.7.5. How to define methods", "7.7.5. How to define methods\7.7.5. How to define methods.csproj", "{E3C92104-9619-4C01-9578-20FE5F26B4BD}"
EndProject
Project("{FAE04EC0-301F-11D3-BF4B-00C04F79EFBC}") = "7.7.6. Methods That Return a Value and Accept Parameters", "7.7.6. Methods That Return a Value and Accept Parameters\7.7.6. Methods That Return a Value and Accept Parameters.csproj", "{0C0A6312-9686-4992-9ACA-09D386A3B3BE}"
EndProject
Project("{2150E333-8FDC-42A3-9474-1A3956D46DE8}") = "7.8.Method Overload", "7.8.Method Overload", "{6DAD0E63-C259-4976-A375-F6E204DC2776}"
	ProjectSection(SolutionItems) = preProject
		7.8.1. Method Overloading.cs = 7.8.1. Method Overloading.cs
	EndProjectSection
EndProject
Project("{FAE04EC0-301F-11D3-BF4B-00C04F79EFBC}") = "7.8.2. Demonstrate method overloading", "7.8.2. Demonstrate method overloading\7.8.2. Demonstrate method overloading.csproj", "{42566556-81EC-48F2-BEBD-2C52BB41BDC7}"
EndProject
Project("{FAE04EC0-301F-11D3-BF4B-00C04F79EFBC}") = "7.8.3 and 7.8.4 See in example", "7.8.3. Automatic type conversions can\7.8.3 and 7.8.4 See in example.csproj", "{757559D7-E2A8-45AA-BC2C-4B0C5FA4EEA1}"
EndProject
Project("{FAE04EC0-301F-11D3-BF4B-00C04F79EFBC}") = "7.8.5. Overloaded constructors", "7.8.5. Overloaded constructors\7.8.5. Overloaded constructors.csproj", "{F0FA559A-10AA-4732-A205-2BD05688E5A1}"
EndProject
Project("{FAE04EC0-301F-11D3-BF4B-00C04F79EFBC}") = "7.8.6. Overriding a method", "7.8.6. Overriding a method\7.8.6. Overriding a method.csproj", "{5744813F-588D-463D-8C17-AEEF93C7D7B4}"
EndProject
Project("{FAE04EC0-301F-11D3-BF4B-00C04F79EFBC}") = "Inheritance (CSharp Programming Guide)", "Inheritance (CSharp Programming Guide)\Inheritance (CSharp Programming Guide).csproj", "{C2B9B5B8-DD81-4D83-8EC5-EA2DA994D859}"
EndProject
Project("{2150E333-8FDC-42A3-9474-1A3956D46DE8}") = "7.9.Method Recursion", "7.9.Method Recursion", "{BEF141D7-D8CA-40F6-B44B-B775563FD584}"
EndProject
Project("{FAE04EC0-301F-11D3-BF4B-00C04F79EFBC}") = "7.9.1. A simple example of recursion", "7.9.1. A simple example of recursion\7.9.1. A simple example of recursion.csproj", "{6CA7080E-FFD6-4B32-B09C-AB407BE13FDB}"
EndProject
Project("{FAE04EC0-301F-11D3-BF4B-00C04F79EFBC}") = "Directory.GetDirectories", "Directory.GetDirectories\Directory.GetDirectories.csproj", "{08737B11-0FA2-4CAF-8012-90107F33A1FF}"
EndProject
Project("{FAE04EC0-301F-11D3-BF4B-00C04F79EFBC}") = "LineCounter", "LineCounter\LineCounter.csproj", "{84AF27C0-1A79-4709-928F-D58D43CAF352}"
EndProject
Global
	GlobalSection(SolutionConfigurationPlatforms) = preSolution
		Debug|Any CPU = Debug|Any CPU
		Release|Any CPU = Release|Any CPU
	EndGlobalSection
	GlobalSection(ProjectConfigurationPlatforms) = postSolution
		{FC8218F9-FA9C-41CC-9DF9-F6C78FECDA7D}.Debug|Any CPU.ActiveCfg = Debug|Any CPU
		{FC8218F9-FA9C-41CC-9DF9-F6C78FECDA7D}.Debug|Any CPU.Build.0 = Debug|Any CPU
		{FC8218F9-FA9C-41CC-9DF9-F6C78FECDA7D}.Release|Any CPU.ActiveCfg = Release|Any CPU
		{FC8218F9-FA9C-41CC-9DF9-F6C78FECDA7D}.Release|Any CPU.Build.0 = Release|Any CPU
		{79864C84-5C5D-4825-8845-BFB29FC36388}.Debug|Any CPU.ActiveCfg = Debug|Any CPU
		{79864C84-5C5D-4825-8845-BFB29FC36388}.Debug|Any CPU.Build.0 = Debug|Any CPU
		{79864C84-5C5D-4825-8845-BFB29FC36388}.Release|Any CPU.ActiveCfg = Release|Any CPU
		{79864C84-5C5D-4825-8845-BFB29FC36388}.Release|Any CPU.Build.0 = Release|Any CPU
		{7F57BF43-0FA3-4666-9A76-D3E8E289BB8F}.Debug|Any CPU.ActiveCfg = Debug|Any CPU
		{7F57BF43-0FA3-4666-9A76-D3E8E289BB8F}.Debug|Any CPU.Build.0 = Debug|Any CPU
		{7F57BF43-0FA3-4666-9A76-D3E8E289BB8F}.Release|Any CPU.ActiveCfg = Release|Any CPU
		{7F57BF43-0FA3-4666-9A76-D3E8E289BB8F}.Release|Any CPU.Build.0 = Release|Any CPU
		{CB191425-8F47-4231-99AA-58017191217D}.Debug|Any CPU.ActiveCfg = Debug|Any CPU
		{CB191425-8F47-4231-99AA-58017191217D}.Debug|Any CPU.Build.0 = Debug|Any CPU
		{CB191425-8F47-4231-99AA-58017191217D}.Release|Any CPU.ActiveCfg = Release|Any CPU
		{CB191425-8F47-4231-99AA-58017191217D}.Release|Any CPU.Build.0 = Release|Any CPU
		{3EBE3B6B-76F8-4A62-831D-F9773C048591}.Debug|Any CPU.ActiveCfg = Debug|Any CPU
		{3EBE3B6B-76F8-4A62-831D-F9773C048591}.Debug|Any CPU.Build.0 = Debug|Any CPU
		{3EBE3B6B-76F8-4A62-831D-F9773C048591}.Release|Any CPU.ActiveCfg = Release|Any CPU
		{3EBE3B6B-76F8-4A62-831D-F9773C048591}.Release|Any CPU.Build.0 = Release|Any CPU
		{938CF6DA-20FA-4C47-956E-C0ED005B7E2F}.Debug|Any CPU.ActiveCfg = Debug|Any CPU
		{938CF6DA-20FA-4C47-956E-C0ED005B7E2F}.Debug|Any CPU.Build.0 = Debug|Any CPU
		{938CF6DA-20FA-4C47-956E-C0ED005B7E2F}.Release|Any CPU.ActiveCfg = Release|Any CPU
		{938CF6DA-20FA-4C47-956E-C0ED005B7E2F}.Release|Any CPU.Build.0 = Release|Any CPU
		{0EBEA8FA-E31D-4009-AD55-DC0421831E2D}.Debug|Any CPU.ActiveCfg = Debug|Any CPU
		{0EBEA8FA-E31D-4009-AD55-DC0421831E2D}.Debug|Any CPU.Build.0 = Debug|Any CPU
		{0EBEA8FA-E31D-4009-AD55-DC0421831E2D}.Release|Any CPU.ActiveCfg = Release|Any CPU
		{0EBEA8FA-E31D-4009-AD55-DC0421831E2D}.Release|Any CPU.Build.0 = Release|Any CPU
		{1728D152-E92D-4A94-9427-CC0B30F11D27}.Debug|Any CPU.ActiveCfg = Debug|Any CPU
		{1728D152-E92D-4A94-9427-CC0B30F11D27}.Debug|Any CPU.Build.0 = Debug|Any CPU
		{1728D152-E92D-4A94-9427-CC0B30F11D27}.Release|Any CPU.ActiveCfg = Release|Any CPU
		{1728D152-E92D-4A94-9427-CC0B30F11D27}.Release|Any CPU.Build.0 = Release|Any CPU
		{8F3AE7E7-BA92-42C8-9C6A-1C3BC09C1A18}.Debug|Any CPU.ActiveCfg = Debug|Any CPU
		{8F3AE7E7-BA92-42C8-9C6A-1C3BC09C1A18}.Debug|Any CPU.Build.0 = Debug|Any CPU
		{8F3AE7E7-BA92-42C8-9C6A-1C3BC09C1A18}.Release|Any CPU.ActiveCfg = Release|Any CPU
		{8F3AE7E7-BA92-42C8-9C6A-1C3BC09C1A18}.Release|Any CPU.Build.0 = Release|Any CPU
		{00CF6488-15C4-4589-BA13-6731B24FE2BB}.Debug|Any CPU.ActiveCfg = Debug|Any CPU
		{00CF6488-15C4-4589-BA13-6731B24FE2BB}.Debug|Any CPU.Build.0 = Debug|Any CPU
		{00CF6488-15C4-4589-BA13-6731B24FE2BB}.Release|Any CPU.ActiveCfg = Release|Any CPU
		{00CF6488-15C4-4589-BA13-6731B24FE2BB}.Release|Any CPU.Build.0 = Release|Any CPU
		{88264074-E84B-48A2-9918-BDDE87EE9632}.Debug|Any CPU.ActiveCfg = Debug|Any CPU
		{88264074-E84B-48A2-9918-BDDE87EE9632}.Debug|Any CPU.Build.0 = Debug|Any CPU
		{88264074-E84B-48A2-9918-BDDE87EE9632}.Release|Any CPU.ActiveCfg = Release|Any CPU
		{88264074-E84B-48A2-9918-BDDE87EE9632}.Release|Any CPU.Build.0 = Release|Any CPU
		{55FFC892-0B14-42A1-AD36-3F608BD4A1B8}.Debug|Any CPU.ActiveCfg = Debug|Any CPU
		{55FFC892-0B14-42A1-AD36-3F608BD4A1B8}.Debug|Any CPU.Build.0 = Debug|Any CPU
		{55FFC892-0B14-42A1-AD36-3F608BD4A1B8}.Release|Any CPU.ActiveCfg = Release|Any CPU
		{55FFC892-0B14-42A1-AD36-3F608BD4A1B8}.Release|Any CPU.Build.0 = Release|Any CPU
		{E99EEE5A-65E6-4C03-9D50-042BA27668D1}.Debug|Any CPU.ActiveCfg = Debug|Any CPU
		{E99EEE5A-65E6-4C03-9D50-042BA27668D1}.Debug|Any CPU.Build.0 = Debug|Any CPU
		{E99EEE5A-65E6-4C03-9D50-042BA27668D1}.Release|Any CPU.ActiveCfg = Release|Any CPU
		{E99EEE5A-65E6-4C03-9D50-042BA27668D1}.Release|Any CPU.Build.0 = Release|Any CPU
		{C16648FE-AF1F-4011-A50F-0C797BA4B97E}.Debug|Any CPU.ActiveCfg = Debug|Any CPU
		{C16648FE-AF1F-4011-A50F-0C797BA4B97E}.Debug|Any CPU.Build.0 = Debug|Any CPU
		{C16648FE-AF1F-4011-A50F-0C797BA4B97E}.Release|Any CPU.ActiveCfg = Release|Any CPU
		{C16648FE-AF1F-4011-A50F-0C797BA4B97E}.Release|Any CPU.Build.0 = Release|Any CPU
		{73D42435-CAB6-4A31-A0BB-73B6FC1AFDB2}.Debug|Any CPU.ActiveCfg = Debug|Any CPU
		{73D42435-CAB6-4A31-A0BB-73B6FC1AFDB2}.Debug|Any CPU.Build.0 = Debug|Any CPU
		{73D42435-CAB6-4A31-A0BB-73B6FC1AFDB2}.Release|Any CPU.ActiveCfg = Release|Any CPU
		{73D42435-CAB6-4A31-A0BB-73B6FC1AFDB2}.Release|Any CPU.Build.0 = Release|Any CPU
		{DA508BF1-F732-4128-9261-8758993913A3}.Debug|Any CPU.ActiveCfg = Debug|Any CPU
		{DA508BF1-F732-4128-9261-8758993913A3}.Debug|Any CPU.Build.0 = Debug|Any CPU
		{DA508BF1-F732-4128-9261-8758993913A3}.Release|Any CPU.ActiveCfg = Release|Any CPU
		{DA508BF1-F732-4128-9261-8758993913A3}.Release|Any CPU.Build.0 = Release|Any CPU
		{E3109D8D-1A12-457B-A066-9AC7D3D1B47D}.Debug|Any CPU.ActiveCfg = Debug|Any CPU
		{E3109D8D-1A12-457B-A066-9AC7D3D1B47D}.Debug|Any CPU.Build.0 = Debug|Any CPU
		{E3109D8D-1A12-457B-A066-9AC7D3D1B47D}.Release|Any CPU.ActiveCfg = Release|Any CPU
		{E3109D8D-1A12-457B-A066-9AC7D3D1B47D}.Release|Any CPU.Build.0 = Release|Any CPU
		{5F22A1CA-E40E-4AEC-8332-DAFF32DC5DBC}.Debug|Any CPU.ActiveCfg = Debug|Any CPU
		{5F22A1CA-E40E-4AEC-8332-DAFF32DC5DBC}.Debug|Any CPU.Build.0 = Debug|Any CPU
		{5F22A1CA-E40E-4AEC-8332-DAFF32DC5DBC}.Release|Any CPU.ActiveCfg = Release|Any CPU
		{5F22A1CA-E40E-4AEC-8332-DAFF32DC5DBC}.Release|Any CPU.Build.0 = Release|Any CPU
		{99D3CE1E-DF34-4E82-A3AC-2C472D631EA2}.Debug|Any CPU.ActiveCfg = Debug|Any CPU
		{99D3CE1E-DF34-4E82-A3AC-2C472D631EA2}.Debug|Any CPU.Build.0 = Debug|Any CPU
		{99D3CE1E-DF34-4E82-A3AC-2C472D631EA2}.Release|Any CPU.ActiveCfg = Release|Any CPU
		{99D3CE1E-DF34-4E82-A3AC-2C472D631EA2}.Release|Any CPU.Build.0 = Release|Any CPU
		{784FC96E-49E8-4792-AE95-B946983B3E0D}.Debug|Any CPU.ActiveCfg = Debug|Any CPU
		{784FC96E-49E8-4792-AE95-B946983B3E0D}.Debug|Any CPU.Build.0 = Debug|Any CPU
		{784FC96E-49E8-4792-AE95-B946983B3E0D}.Release|Any CPU.ActiveCfg = Release|Any CPU
		{784FC96E-49E8-4792-AE95-B946983B3E0D}.Release|Any CPU.Build.0 = Release|Any CPU
		{30C49B2E-F91F-41B8-BE55-FD43456F2277}.Debug|Any CPU.ActiveCfg = Debug|Any CPU
		{30C49B2E-F91F-41B8-BE55-FD43456F2277}.Debug|Any CPU.Build.0 = Debug|Any CPU
		{30C49B2E-F91F-41B8-BE55-FD43456F2277}.Release|Any CPU.ActiveCfg = Release|Any CPU
		{30C49B2E-F91F-41B8-BE55-FD43456F2277}.Release|Any CPU.Build.0 = Release|Any CPU
		{2873347F-88FC-45D0-92AA-F303CE0FFB45}.Debug|Any CPU.ActiveCfg = Debug|Any CPU
		{2873347F-88FC-45D0-92AA-F303CE0FFB45}.Debug|Any CPU.Build.0 = Debug|Any CPU
		{2873347F-88FC-45D0-92AA-F303CE0FFB45}.Release|Any CPU.ActiveCfg = Release|Any CPU
		{2873347F-88FC-45D0-92AA-F303CE0FFB45}.Release|Any CPU.Build.0 = Release|Any CPU
		{0F8A722F-C1E9-4BD7-9ECB-4CDFB1B8F7E6}.Debug|Any CPU.ActiveCfg = Debug|Any CPU
		{0F8A722F-C1E9-4BD7-9ECB-4CDFB1B8F7E6}.Debug|Any CPU.Build.0 = Debug|Any CPU
		{0F8A722F-C1E9-4BD7-9ECB-4CDFB1B8F7E6}.Release|Any CPU.ActiveCfg = Release|Any CPU
		{0F8A722F-C1E9-4BD7-9ECB-4CDFB1B8F7E6}.Release|Any CPU.Build.0 = Release|Any CPU
		{0A8832CC-0028-4186-B67C-AE39FC4436E4}.Debug|Any CPU.ActiveCfg = Debug|Any CPU
		{0A8832CC-0028-4186-B67C-AE39FC4436E4}.Debug|Any CPU.Build.0 = Debug|Any CPU
		{0A8832CC-0028-4186-B67C-AE39FC4436E4}.Release|Any CPU.ActiveCfg = Release|Any CPU
		{0A8832CC-0028-4186-B67C-AE39FC4436E4}.Release|Any CPU.Build.0 = Release|Any CPU
		{8E12A3CE-944F-41A4-AA64-15361DE99C02}.Debug|Any CPU.ActiveCfg = Debug|Any CPU
		{8E12A3CE-944F-41A4-AA64-15361DE99C02}.Debug|Any CPU.Build.0 = Debug|Any CPU
		{8E12A3CE-944F-41A4-AA64-15361DE99C02}.Release|Any CPU.ActiveCfg = Release|Any CPU
		{8E12A3CE-944F-41A4-AA64-15361DE99C02}.Release|Any CPU.Build.0 = Release|Any CPU
		{C48F8B5B-7588-4B93-A090-EB535531BBC1}.Debug|Any CPU.ActiveCfg = Debug|Any CPU
		{C48F8B5B-7588-4B93-A090-EB535531BBC1}.Debug|Any CPU.Build.0 = Debug|Any CPU
		{C48F8B5B-7588-4B93-A090-EB535531BBC1}.Release|Any CPU.ActiveCfg = Release|Any CPU
		{C48F8B5B-7588-4B93-A090-EB535531BBC1}.Release|Any CPU.Build.0 = Release|Any CPU
		{07998A34-0B77-4EC4-86A1-78E7F79E663E}.Debug|Any CPU.ActiveCfg = Debug|Any CPU
		{07998A34-0B77-4EC4-86A1-78E7F79E663E}.Debug|Any CPU.Build.0 = Debug|Any CPU
		{07998A34-0B77-4EC4-86A1-78E7F79E663E}.Release|Any CPU.ActiveCfg = Release|Any CPU
		{07998A34-0B77-4EC4-86A1-78E7F79E663E}.Release|Any CPU.Build.0 = Release|Any CPU
		{B2EBD4E7-E28A-4640-974D-889EA8499F63}.Debug|Any CPU.ActiveCfg = Debug|Any CPU
		{B2EBD4E7-E28A-4640-974D-889EA8499F63}.Debug|Any CPU.Build.0 = Debug|Any CPU
		{B2EBD4E7-E28A-4640-974D-889EA8499F63}.Release|Any CPU.ActiveCfg = Release|Any CPU
		{B2EBD4E7-E28A-4640-974D-889EA8499F63}.Release|Any CPU.Build.0 = Release|Any CPU
		{D1BC56B0-9F8F-42D2-8A10-4407B7E22F99}.Debug|Any CPU.ActiveCfg = Debug|Any CPU
		{D1BC56B0-9F8F-42D2-8A10-4407B7E22F99}.Debug|Any CPU.Build.0 = Debug|Any CPU
		{D1BC56B0-9F8F-42D2-8A10-4407B7E22F99}.Release|Any CPU.ActiveCfg = Release|Any CPU
		{D1BC56B0-9F8F-42D2-8A10-4407B7E22F99}.Release|Any CPU.Build.0 = Release|Any CPU
		{21D4FD82-E37F-4956-95C5-93C24407FC7D}.Debug|Any CPU.ActiveCfg = Debug|Any CPU
		{21D4FD82-E37F-4956-95C5-93C24407FC7D}.Debug|Any CPU.Build.0 = Debug|Any CPU
		{21D4FD82-E37F-4956-95C5-93C24407FC7D}.Release|Any CPU.ActiveCfg = Release|Any CPU
		{21D4FD82-E37F-4956-95C5-93C24407FC7D}.Release|Any CPU.Build.0 = Release|Any CPU
		{DECFE311-B28A-4B0E-8C21-0A77869507F7}.Debug|Any CPU.ActiveCfg = Debug|Any CPU
		{DECFE311-B28A-4B0E-8C21-0A77869507F7}.Debug|Any CPU.Build.0 = Debug|Any CPU
		{DECFE311-B28A-4B0E-8C21-0A77869507F7}.Release|Any CPU.ActiveCfg = Release|Any CPU
		{DECFE311-B28A-4B0E-8C21-0A77869507F7}.Release|Any CPU.Build.0 = Release|Any CPU
		{6ABE62EC-8642-47F4-9D96-029DA1505AB1}.Debug|Any CPU.ActiveCfg = Debug|Any CPU
		{6ABE62EC-8642-47F4-9D96-029DA1505AB1}.Debug|Any CPU.Build.0 = Debug|Any CPU
		{6ABE62EC-8642-47F4-9D96-029DA1505AB1}.Release|Any CPU.ActiveCfg = Release|Any CPU
		{6ABE62EC-8642-47F4-9D96-029DA1505AB1}.Release|Any CPU.Build.0 = Release|Any CPU
		{E852DDD5-7D79-42D9-8C78-16C46623AA89}.Debug|Any CPU.ActiveCfg = Debug|Any CPU
		{E852DDD5-7D79-42D9-8C78-16C46623AA89}.Debug|Any CPU.Build.0 = Debug|Any CPU
		{E852DDD5-7D79-42D9-8C78-16C46623AA89}.Release|Any CPU.ActiveCfg = Release|Any CPU
		{E852DDD5-7D79-42D9-8C78-16C46623AA89}.Release|Any CPU.Build.0 = Release|Any CPU
		{0124B1A1-7733-4D39-8DC7-26DE542CE14C}.Debug|Any CPU.ActiveCfg = Debug|Any CPU
		{0124B1A1-7733-4D39-8DC7-26DE542CE14C}.Debug|Any CPU.Build.0 = Debug|Any CPU
		{0124B1A1-7733-4D39-8DC7-26DE542CE14C}.Release|Any CPU.ActiveCfg = Release|Any CPU
		{0124B1A1-7733-4D39-8DC7-26DE542CE14C}.Release|Any CPU.Build.0 = Release|Any CPU
		{6CE17919-D8EE-4BAF-AEA5-7BDD551A276B}.Debug|Any CPU.ActiveCfg = Debug|Any CPU
		{6CE17919-D8EE-4BAF-AEA5-7BDD551A276B}.Debug|Any CPU.Build.0 = Debug|Any CPU
		{6CE17919-D8EE-4BAF-AEA5-7BDD551A276B}.Release|Any CPU.ActiveCfg = Release|Any CPU
		{6CE17919-D8EE-4BAF-AEA5-7BDD551A276B}.Release|Any CPU.Build.0 = Release|Any CPU
		{A41C27D6-AF8B-48B2-BB3B-63F5B3540404}.Debug|Any CPU.ActiveCfg = Debug|Any CPU
		{A41C27D6-AF8B-48B2-BB3B-63F5B3540404}.Debug|Any CPU.Build.0 = Debug|Any CPU
		{A41C27D6-AF8B-48B2-BB3B-63F5B3540404}.Release|Any CPU.ActiveCfg = Release|Any CPU
		{A41C27D6-AF8B-48B2-BB3B-63F5B3540404}.Release|Any CPU.Build.0 = Release|Any CPU
		{4312D3C0-1DA6-478C-A660-2D7DA2EF8A25}.Debug|Any CPU.ActiveCfg = Debug|Any CPU
		{4312D3C0-1DA6-478C-A660-2D7DA2EF8A25}.Debug|Any CPU.Build.0 = Debug|Any CPU
		{4312D3C0-1DA6-478C-A660-2D7DA2EF8A25}.Release|Any CPU.ActiveCfg = Release|Any CPU
		{4312D3C0-1DA6-478C-A660-2D7DA2EF8A25}.Release|Any CPU.Build.0 = Release|Any CPU
		{9C240531-4202-48FA-991A-3792F5B50678}.Debug|Any CPU.ActiveCfg = Debug|Any CPU
		{9C240531-4202-48FA-991A-3792F5B50678}.Debug|Any CPU.Build.0 = Debug|Any CPU
		{9C240531-4202-48FA-991A-3792F5B50678}.Release|Any CPU.ActiveCfg = Release|Any CPU
		{9C240531-4202-48FA-991A-3792F5B50678}.Release|Any CPU.Build.0 = Release|Any CPU
		{8D270C45-2690-4F00-BBEB-11A0401A6212}.Debug|Any CPU.ActiveCfg = Debug|Any CPU
		{8D270C45-2690-4F00-BBEB-11A0401A6212}.Debug|Any CPU.Build.0 = Debug|Any CPU
		{8D270C45-2690-4F00-BBEB-11A0401A6212}.Release|Any CPU.ActiveCfg = Release|Any CPU
		{8D270C45-2690-4F00-BBEB-11A0401A6212}.Release|Any CPU.Build.0 = Release|Any CPU
		{CBB23E1D-7FDD-4553-A870-B1B7F5BFC604}.Debug|Any CPU.ActiveCfg = Debug|Any CPU
		{CBB23E1D-7FDD-4553-A870-B1B7F5BFC604}.Debug|Any CPU.Build.0 = Debug|Any CPU
		{CBB23E1D-7FDD-4553-A870-B1B7F5BFC604}.Release|Any CPU.ActiveCfg = Release|Any CPU
		{CBB23E1D-7FDD-4553-A870-B1B7F5BFC604}.Release|Any CPU.Build.0 = Release|Any CPU
		{F4D4B51C-274A-485A-9458-CC2EA0CA8EAD}.Debug|Any CPU.ActiveCfg = Debug|Any CPU
		{F4D4B51C-274A-485A-9458-CC2EA0CA8EAD}.Debug|Any CPU.Build.0 = Debug|Any CPU
		{F4D4B51C-274A-485A-9458-CC2EA0CA8EAD}.Release|Any CPU.ActiveCfg = Release|Any CPU
		{F4D4B51C-274A-485A-9458-CC2EA0CA8EAD}.Release|Any CPU.Build.0 = Release|Any CPU
		{62C79838-39D4-4F86-81A7-2680563D09CC}.Debug|Any CPU.ActiveCfg = Debug|Any CPU
		{62C79838-39D4-4F86-81A7-2680563D09CC}.Debug|Any CPU.Build.0 = Debug|Any CPU
		{62C79838-39D4-4F86-81A7-2680563D09CC}.Release|Any CPU.ActiveCfg = Release|Any CPU
		{62C79838-39D4-4F86-81A7-2680563D09CC}.Release|Any CPU.Build.0 = Release|Any CPU
		{D6A2DC17-69F4-40EA-8BCC-B14A46259A20}.Debug|Any CPU.ActiveCfg = Debug|Any CPU
		{D6A2DC17-69F4-40EA-8BCC-B14A46259A20}.Debug|Any CPU.Build.0 = Debug|Any CPU
		{D6A2DC17-69F4-40EA-8BCC-B14A46259A20}.Release|Any CPU.ActiveCfg = Release|Any CPU
		{D6A2DC17-69F4-40EA-8BCC-B14A46259A20}.Release|Any CPU.Build.0 = Release|Any CPU
		{3536E1E0-1866-4D50-B952-52481197E0A5}.Debug|Any CPU.ActiveCfg = Debug|Any CPU
		{3536E1E0-1866-4D50-B952-52481197E0A5}.Debug|Any CPU.Build.0 = Debug|Any CPU
		{3536E1E0-1866-4D50-B952-52481197E0A5}.Release|Any CPU.ActiveCfg = Release|Any CPU
		{3536E1E0-1866-4D50-B952-52481197E0A5}.Release|Any CPU.Build.0 = Release|Any CPU
		{6A990C4F-FB31-406F-92AE-7FBDC25E0CC9}.Debug|Any CPU.ActiveCfg = Debug|Any CPU
		{6A990C4F-FB31-406F-92AE-7FBDC25E0CC9}.Debug|Any CPU.Build.0 = Debug|Any CPU
		{6A990C4F-FB31-406F-92AE-7FBDC25E0CC9}.Release|Any CPU.ActiveCfg = Release|Any CPU
		{6A990C4F-FB31-406F-92AE-7FBDC25E0CC9}.Release|Any CPU.Build.0 = Release|Any CPU
		{76593FE4-39DE-413F-B8A8-E5B9DD675D15}.Debug|Any CPU.ActiveCfg = Debug|Any CPU
		{76593FE4-39DE-413F-B8A8-E5B9DD675D15}.Debug|Any CPU.Build.0 = Debug|Any CPU
		{76593FE4-39DE-413F-B8A8-E5B9DD675D15}.Release|Any CPU.ActiveCfg = Release|Any CPU
		{76593FE4-39DE-413F-B8A8-E5B9DD675D15}.Release|Any CPU.Build.0 = Release|Any CPU
		{9CFD6DF8-6F35-4DEB-800C-55F64A5C8899}.Debug|Any CPU.ActiveCfg = Debug|Any CPU
		{9CFD6DF8-6F35-4DEB-800C-55F64A5C8899}.Debug|Any CPU.Build.0 = Debug|Any CPU
		{9CFD6DF8-6F35-4DEB-800C-55F64A5C8899}.Release|Any CPU.ActiveCfg = Release|Any CPU
		{9CFD6DF8-6F35-4DEB-800C-55F64A5C8899}.Release|Any CPU.Build.0 = Release|Any CPU
		{EBAA6BA8-EC41-4B3E-A849-65A13A04D8E2}.Debug|Any CPU.ActiveCfg = Debug|Any CPU
		{EBAA6BA8-EC41-4B3E-A849-65A13A04D8E2}.Debug|Any CPU.Build.0 = Debug|Any CPU
		{EBAA6BA8-EC41-4B3E-A849-65A13A04D8E2}.Release|Any CPU.ActiveCfg = Release|Any CPU
		{EBAA6BA8-EC41-4B3E-A849-65A13A04D8E2}.Release|Any CPU.Build.0 = Release|Any CPU
		{B693802E-2E41-4DA4-B5A7-0646922CBBF4}.Debug|Any CPU.ActiveCfg = Debug|Any CPU
		{B693802E-2E41-4DA4-B5A7-0646922CBBF4}.Debug|Any CPU.Build.0 = Debug|Any CPU
		{B693802E-2E41-4DA4-B5A7-0646922CBBF4}.Release|Any CPU.ActiveCfg = Release|Any CPU
		{B693802E-2E41-4DA4-B5A7-0646922CBBF4}.Release|Any CPU.Build.0 = Release|Any CPU
		{110668E2-3D94-4E23-B32F-E709B8A24C08}.Debug|Any CPU.ActiveCfg = Debug|Any CPU
		{110668E2-3D94-4E23-B32F-E709B8A24C08}.Debug|Any CPU.Build.0 = Debug|Any CPU
		{110668E2-3D94-4E23-B32F-E709B8A24C08}.Release|Any CPU.ActiveCfg = Release|Any CPU
		{110668E2-3D94-4E23-B32F-E709B8A24C08}.Release|Any CPU.Build.0 = Release|Any CPU
		{07656B88-22C2-48F8-83E2-5767B3AB2F92}.Debug|Any CPU.ActiveCfg = Debug|Any CPU
		{07656B88-22C2-48F8-83E2-5767B3AB2F92}.Debug|Any CPU.Build.0 = Debug|Any CPU
		{07656B88-22C2-48F8-83E2-5767B3AB2F92}.Release|Any CPU.ActiveCfg = Release|Any CPU
		{07656B88-22C2-48F8-83E2-5767B3AB2F92}.Release|Any CPU.Build.0 = Release|Any CPU
		{AFCFF3B1-2080-4718-ACA3-860D4D3C0083}.Debug|Any CPU.ActiveCfg = Debug|Any CPU
		{AFCFF3B1-2080-4718-ACA3-860D4D3C0083}.Debug|Any CPU.Build.0 = Debug|Any CPU
		{AFCFF3B1-2080-4718-ACA3-860D4D3C0083}.Release|Any CPU.ActiveCfg = Release|Any CPU
		{AFCFF3B1-2080-4718-ACA3-860D4D3C0083}.Release|Any CPU.Build.0 = Release|Any CPU
		{3D47C4B4-E140-4888-8722-CF4571F9363D}.Debug|Any CPU.ActiveCfg = Debug|Any CPU
		{3D47C4B4-E140-4888-8722-CF4571F9363D}.Debug|Any CPU.Build.0 = Debug|Any CPU
		{3D47C4B4-E140-4888-8722-CF4571F9363D}.Release|Any CPU.ActiveCfg = Release|Any CPU
		{3D47C4B4-E140-4888-8722-CF4571F9363D}.Release|Any CPU.Build.0 = Release|Any CPU
		{8E1729E3-0997-400D-9107-F32E1D404530}.Debug|Any CPU.ActiveCfg = Debug|Any CPU
		{8E1729E3-0997-400D-9107-F32E1D404530}.Debug|Any CPU.Build.0 = Debug|Any CPU
		{8E1729E3-0997-400D-9107-F32E1D404530}.Release|Any CPU.ActiveCfg = Release|Any CPU
		{8E1729E3-0997-400D-9107-F32E1D404530}.Release|Any CPU.Build.0 = Release|Any CPU
		{016D5506-E17D-44A3-833E-B3E38779502F}.Debug|Any CPU.ActiveCfg = Debug|Any CPU
		{016D5506-E17D-44A3-833E-B3E38779502F}.Debug|Any CPU.Build.0 = Debug|Any CPU
		{016D5506-E17D-44A3-833E-B3E38779502F}.Release|Any CPU.ActiveCfg = Release|Any CPU
		{016D5506-E17D-44A3-833E-B3E38779502F}.Release|Any CPU.Build.0 = Release|Any CPU
		{F76A6434-ABFA-4337-A593-15A28E077911}.Debug|Any CPU.ActiveCfg = Debug|Any CPU
		{F76A6434-ABFA-4337-A593-15A28E077911}.Debug|Any CPU.Build.0 = Debug|Any CPU
		{F76A6434-ABFA-4337-A593-15A28E077911}.Release|Any CPU.ActiveCfg = Release|Any CPU
		{F76A6434-ABFA-4337-A593-15A28E077911}.Release|Any CPU.Build.0 = Release|Any CPU
		{EE0D3F2C-D253-4854-BC34-53F6FD119A09}.Debug|Any CPU.ActiveCfg = Debug|Any CPU
		{EE0D3F2C-D253-4854-BC34-53F6FD119A09}.Debug|Any CPU.Build.0 = Debug|Any CPU
		{EE0D3F2C-D253-4854-BC34-53F6FD119A09}.Release|Any CPU.ActiveCfg = Release|Any CPU
		{EE0D3F2C-D253-4854-BC34-53F6FD119A09}.Release|Any CPU.Build.0 = Release|Any CPU
		{35F94E70-8178-441E-9CB4-D7639652AD1D}.Debug|Any CPU.ActiveCfg = Debug|Any CPU
		{35F94E70-8178-441E-9CB4-D7639652AD1D}.Debug|Any CPU.Build.0 = Debug|Any CPU
		{35F94E70-8178-441E-9CB4-D7639652AD1D}.Release|Any CPU.ActiveCfg = Release|Any CPU
		{35F94E70-8178-441E-9CB4-D7639652AD1D}.Release|Any CPU.Build.0 = Release|Any CPU
		{02A3F2EB-7042-4FA2-8184-B1D6CAD8DA52}.Debug|Any CPU.ActiveCfg = Debug|Any CPU
		{02A3F2EB-7042-4FA2-8184-B1D6CAD8DA52}.Debug|Any CPU.Build.0 = Debug|Any CPU
		{02A3F2EB-7042-4FA2-8184-B1D6CAD8DA52}.Release|Any CPU.ActiveCfg = Release|Any CPU
		{02A3F2EB-7042-4FA2-8184-B1D6CAD8DA52}.Release|Any CPU.Build.0 = Release|Any CPU
		{7A804390-440C-4D9D-BB7A-FC798F8B3C63}.Debug|Any CPU.ActiveCfg = Debug|Any CPU
		{7A804390-440C-4D9D-BB7A-FC798F8B3C63}.Debug|Any CPU.Build.0 = Debug|Any CPU
		{7A804390-440C-4D9D-BB7A-FC798F8B3C63}.Release|Any CPU.ActiveCfg = Release|Any CPU
		{7A804390-440C-4D9D-BB7A-FC798F8B3C63}.Release|Any CPU.Build.0 = Release|Any CPU
		{D4EA7F11-42FB-42FD-91F7-7D6FD25B97A5}.Debug|Any CPU.ActiveCfg = Debug|Any CPU
		{D4EA7F11-42FB-42FD-91F7-7D6FD25B97A5}.Debug|Any CPU.Build.0 = Debug|Any CPU
		{D4EA7F11-42FB-42FD-91F7-7D6FD25B97A5}.Release|Any CPU.ActiveCfg = Release|Any CPU
		{D4EA7F11-42FB-42FD-91F7-7D6FD25B97A5}.Release|Any CPU.Build.0 = Release|Any CPU
		{1C216D96-BEE3-44E5-9736-D991C8F10A44}.Debug|Any CPU.ActiveCfg = Debug|Any CPU
		{1C216D96-BEE3-44E5-9736-D991C8F10A44}.Debug|Any CPU.Build.0 = Debug|Any CPU
		{1C216D96-BEE3-44E5-9736-D991C8F10A44}.Release|Any CPU.ActiveCfg = Release|Any CPU
		{1C216D96-BEE3-44E5-9736-D991C8F10A44}.Release|Any CPU.Build.0 = Release|Any CPU
		{D080204C-179C-45F1-B0D7-F26138EF118E}.Debug|Any CPU.ActiveCfg = Debug|Any CPU
		{D080204C-179C-45F1-B0D7-F26138EF118E}.Debug|Any CPU.Build.0 = Debug|Any CPU
		{D080204C-179C-45F1-B0D7-F26138EF118E}.Release|Any CPU.ActiveCfg = Release|Any CPU
		{D080204C-179C-45F1-B0D7-F26138EF118E}.Release|Any CPU.Build.0 = Release|Any CPU
		{533BAF64-D92F-47D3-9365-5AD621B50484}.Debug|Any CPU.ActiveCfg = Debug|Any CPU
		{533BAF64-D92F-47D3-9365-5AD621B50484}.Debug|Any CPU.Build.0 = Debug|Any CPU
		{533BAF64-D92F-47D3-9365-5AD621B50484}.Release|Any CPU.ActiveCfg = Release|Any CPU
		{533BAF64-D92F-47D3-9365-5AD621B50484}.Release|Any CPU.Build.0 = Release|Any CPU
		{4AC7161C-377B-484E-8720-7E6FF348C1C3}.Debug|Any CPU.ActiveCfg = Debug|Any CPU
		{4AC7161C-377B-484E-8720-7E6FF348C1C3}.Debug|Any CPU.Build.0 = Debug|Any CPU
		{4AC7161C-377B-484E-8720-7E6FF348C1C3}.Release|Any CPU.ActiveCfg = Release|Any CPU
		{4AC7161C-377B-484E-8720-7E6FF348C1C3}.Release|Any CPU.Build.0 = Release|Any CPU
		{F13B6C92-8CC9-468C-B222-42611E772E88}.Debug|Any CPU.ActiveCfg = Debug|Any CPU
		{F13B6C92-8CC9-468C-B222-42611E772E88}.Debug|Any CPU.Build.0 = Debug|Any CPU
		{F13B6C92-8CC9-468C-B222-42611E772E88}.Release|Any CPU.ActiveCfg = Release|Any CPU
		{F13B6C92-8CC9-468C-B222-42611E772E88}.Release|Any CPU.Build.0 = Release|Any CPU
		{07474422-2C35-4526-942C-8A8DE727E564}.Debug|Any CPU.ActiveCfg = Debug|Any CPU
		{07474422-2C35-4526-942C-8A8DE727E564}.Debug|Any CPU.Build.0 = Debug|Any CPU
		{07474422-2C35-4526-942C-8A8DE727E564}.Release|Any CPU.ActiveCfg = Release|Any CPU
		{07474422-2C35-4526-942C-8A8DE727E564}.Release|Any CPU.Build.0 = Release|Any CPU
		{7F87FFB4-1065-4EEF-8E18-412B346E7A40}.Debug|Any CPU.ActiveCfg = Debug|Any CPU
		{7F87FFB4-1065-4EEF-8E18-412B346E7A40}.Debug|Any CPU.Build.0 = Debug|Any CPU
		{7F87FFB4-1065-4EEF-8E18-412B346E7A40}.Release|Any CPU.ActiveCfg = Release|Any CPU
		{7F87FFB4-1065-4EEF-8E18-412B346E7A40}.Release|Any CPU.Build.0 = Release|Any CPU
		{E07EAC73-4547-438A-B3CA-6CA723A8D8E4}.Debug|Any CPU.ActiveCfg = Debug|Any CPU
		{E07EAC73-4547-438A-B3CA-6CA723A8D8E4}.Debug|Any CPU.Build.0 = Debug|Any CPU
		{E07EAC73-4547-438A-B3CA-6CA723A8D8E4}.Release|Any CPU.ActiveCfg = Release|Any CPU
		{E07EAC73-4547-438A-B3CA-6CA723A8D8E4}.Release|Any CPU.Build.0 = Release|Any CPU
		{ADB854B0-0851-4F84-B822-5A551A6514C1}.Debug|Any CPU.ActiveCfg = Debug|Any CPU
		{ADB854B0-0851-4F84-B822-5A551A6514C1}.Debug|Any CPU.Build.0 = Debug|Any CPU
		{ADB854B0-0851-4F84-B822-5A551A6514C1}.Release|Any CPU.ActiveCfg = Release|Any CPU
		{ADB854B0-0851-4F84-B822-5A551A6514C1}.Release|Any CPU.Build.0 = Release|Any CPU
		{15832E0A-8246-4FF6-980A-30087DE8773A}.Debug|Any CPU.ActiveCfg = Debug|Any CPU
		{15832E0A-8246-4FF6-980A-30087DE8773A}.Debug|Any CPU.Build.0 = Debug|Any CPU
		{15832E0A-8246-4FF6-980A-30087DE8773A}.Release|Any CPU.ActiveCfg = Release|Any CPU
		{15832E0A-8246-4FF6-980A-30087DE8773A}.Release|Any CPU.Build.0 = Release|Any CPU
		{C1E75B60-F728-45F4-B95E-8CB963E0673D}.Debug|Any CPU.ActiveCfg = Debug|Any CPU
		{C1E75B60-F728-45F4-B95E-8CB963E0673D}.Debug|Any CPU.Build.0 = Debug|Any CPU
		{C1E75B60-F728-45F4-B95E-8CB963E0673D}.Release|Any CPU.ActiveCfg = Release|Any CPU
		{C1E75B60-F728-45F4-B95E-8CB963E0673D}.Release|Any CPU.Build.0 = Release|Any CPU
		{C133327C-A19F-428E-A36B-62F58BBBF6E9}.Debug|Any CPU.ActiveCfg = Debug|Any CPU
		{C133327C-A19F-428E-A36B-62F58BBBF6E9}.Debug|Any CPU.Build.0 = Debug|Any CPU
		{C133327C-A19F-428E-A36B-62F58BBBF6E9}.Release|Any CPU.ActiveCfg = Release|Any CPU
		{C133327C-A19F-428E-A36B-62F58BBBF6E9}.Release|Any CPU.Build.0 = Release|Any CPU
		{6C672429-3C72-4ECD-9BC8-BE562B5F6B9E}.Debug|Any CPU.ActiveCfg = Debug|Any CPU
		{6C672429-3C72-4ECD-9BC8-BE562B5F6B9E}.Debug|Any CPU.Build.0 = Debug|Any CPU
		{6C672429-3C72-4ECD-9BC8-BE562B5F6B9E}.Release|Any CPU.ActiveCfg = Release|Any CPU
		{6C672429-3C72-4ECD-9BC8-BE562B5F6B9E}.Release|Any CPU.Build.0 = Release|Any CPU
		{1E115039-2811-4651-A5E7-C0E6E871A782}.Debug|Any CPU.ActiveCfg = Debug|Any CPU
		{1E115039-2811-4651-A5E7-C0E6E871A782}.Debug|Any CPU.Build.0 = Debug|Any CPU
		{1E115039-2811-4651-A5E7-C0E6E871A782}.Release|Any CPU.ActiveCfg = Release|Any CPU
		{1E115039-2811-4651-A5E7-C0E6E871A782}.Release|Any CPU.Build.0 = Release|Any CPU
		{3B77AB74-0F33-440B-8701-F8304066F251}.Debug|Any CPU.ActiveCfg = Debug|Any CPU
		{3B77AB74-0F33-440B-8701-F8304066F251}.Debug|Any CPU.Build.0 = Debug|Any CPU
		{3B77AB74-0F33-440B-8701-F8304066F251}.Release|Any CPU.ActiveCfg = Release|Any CPU
		{3B77AB74-0F33-440B-8701-F8304066F251}.Release|Any CPU.Build.0 = Release|Any CPU
		{E3C92104-9619-4C01-9578-20FE5F26B4BD}.Debug|Any CPU.ActiveCfg = Debug|Any CPU
		{E3C92104-9619-4C01-9578-20FE5F26B4BD}.Debug|Any CPU.Build.0 = Debug|Any CPU
		{E3C92104-9619-4C01-9578-20FE5F26B4BD}.Release|Any CPU.ActiveCfg = Release|Any CPU
		{E3C92104-9619-4C01-9578-20FE5F26B4BD}.Release|Any CPU.Build.0 = Release|Any CPU
		{0C0A6312-9686-4992-9ACA-09D386A3B3BE}.Debug|Any CPU.ActiveCfg = Debug|Any CPU
		{0C0A6312-9686-4992-9ACA-09D386A3B3BE}.Debug|Any CPU.Build.0 = Debug|Any CPU
		{0C0A6312-9686-4992-9ACA-09D386A3B3BE}.Release|Any CPU.ActiveCfg = Release|Any CPU
		{0C0A6312-9686-4992-9ACA-09D386A3B3BE}.Release|Any CPU.Build.0 = Release|Any CPU
		{42566556-81EC-48F2-BEBD-2C52BB41BDC7}.Debug|Any CPU.ActiveCfg = Debug|Any CPU
		{42566556-81EC-48F2-BEBD-2C52BB41BDC7}.Debug|Any CPU.Build.0 = Debug|Any CPU
		{42566556-81EC-48F2-BEBD-2C52BB41BDC7}.Release|Any CPU.ActiveCfg = Release|Any CPU
		{42566556-81EC-48F2-BEBD-2C52BB41BDC7}.Release|Any CPU.Build.0 = Release|Any CPU
		{757559D7-E2A8-45AA-BC2C-4B0C5FA4EEA1}.Debug|Any CPU.ActiveCfg = Debug|Any CPU
		{757559D7-E2A8-45AA-BC2C-4B0C5FA4EEA1}.Debug|Any CPU.Build.0 = Debug|Any CPU
		{757559D7-E2A8-45AA-BC2C-4B0C5FA4EEA1}.Release|Any CPU.ActiveCfg = Release|Any CPU
		{757559D7-E2A8-45AA-BC2C-4B0C5FA4EEA1}.Release|Any CPU.Build.0 = Release|Any CPU
		{F0FA559A-10AA-4732-A205-2BD05688E5A1}.Debug|Any CPU.ActiveCfg = Debug|Any CPU
		{F0FA559A-10AA-4732-A205-2BD05688E5A1}.Debug|Any CPU.Build.0 = Debug|Any CPU
		{F0FA559A-10AA-4732-A205-2BD05688E5A1}.Release|Any CPU.ActiveCfg = Release|Any CPU
		{F0FA559A-10AA-4732-A205-2BD05688E5A1}.Release|Any CPU.Build.0 = Release|Any CPU
		{5744813F-588D-463D-8C17-AEEF93C7D7B4}.Debug|Any CPU.ActiveCfg = Debug|Any CPU
		{5744813F-588D-463D-8C17-AEEF93C7D7B4}.Debug|Any CPU.Build.0 = Debug|Any CPU
		{5744813F-588D-463D-8C17-AEEF93C7D7B4}.Release|Any CPU.ActiveCfg = Release|Any CPU
		{5744813F-588D-463D-8C17-AEEF93C7D7B4}.Release|Any CPU.Build.0 = Release|Any CPU
		{C2B9B5B8-DD81-4D83-8EC5-EA2DA994D859}.Debug|Any CPU.ActiveCfg = Debug|Any CPU
		{C2B9B5B8-DD81-4D83-8EC5-EA2DA994D859}.Debug|Any CPU.Build.0 = Debug|Any CPU
		{C2B9B5B8-DD81-4D83-8EC5-EA2DA994D859}.Release|Any CPU.ActiveCfg = Release|Any CPU
		{C2B9B5B8-DD81-4D83-8EC5-EA2DA994D859}.Release|Any CPU.Build.0 = Release|Any CPU
		{6CA7080E-FFD6-4B32-B09C-AB407BE13FDB}.Debug|Any CPU.ActiveCfg = Debug|Any CPU
		{6CA7080E-FFD6-4B32-B09C-AB407BE13FDB}.Debug|Any CPU.Build.0 = Debug|Any CPU
		{6CA7080E-FFD6-4B32-B09C-AB407BE13FDB}.Release|Any CPU.ActiveCfg = Release|Any CPU
		{6CA7080E-FFD6-4B32-B09C-AB407BE13FDB}.Release|Any CPU.Build.0 = Release|Any CPU
		{08737B11-0FA2-4CAF-8012-90107F33A1FF}.Debug|Any CPU.ActiveCfg = Debug|Any CPU
		{08737B11-0FA2-4CAF-8012-90107F33A1FF}.Debug|Any CPU.Build.0 = Debug|Any CPU
		{08737B11-0FA2-4CAF-8012-90107F33A1FF}.Release|Any CPU.ActiveCfg = Release|Any CPU
		{08737B11-0FA2-4CAF-8012-90107F33A1FF}.Release|Any CPU.Build.0 = Release|Any CPU
		{84AF27C0-1A79-4709-928F-D58D43CAF352}.Debug|Any CPU.ActiveCfg = Debug|Any CPU
		{84AF27C0-1A79-4709-928F-D58D43CAF352}.Debug|Any CPU.Build.0 = Debug|Any CPU
		{84AF27C0-1A79-4709-928F-D58D43CAF352}.Release|Any CPU.ActiveCfg = Release|Any CPU
		{84AF27C0-1A79-4709-928F-D58D43CAF352}.Release|Any CPU.Build.0 = Release|Any CPU
	EndGlobalSection
	GlobalSection(SolutionProperties) = preSolution
		HideSolutionNode = FALSE
	EndGlobalSection
	GlobalSection(NestedProjects) = preSolution
		{FC8218F9-FA9C-41CC-9DF9-F6C78FECDA7D} = {4E629711-0B67-477D-9AE4-3AF1650A8875}
		{79864C84-5C5D-4825-8845-BFB29FC36388} = {4E629711-0B67-477D-9AE4-3AF1650A8875}
		{7F57BF43-0FA3-4666-9A76-D3E8E289BB8F} = {4E629711-0B67-477D-9AE4-3AF1650A8875}
		{CB191425-8F47-4231-99AA-58017191217D} = {4E629711-0B67-477D-9AE4-3AF1650A8875}
		{3EBE3B6B-76F8-4A62-831D-F9773C048591} = {4E629711-0B67-477D-9AE4-3AF1650A8875}
		{938CF6DA-20FA-4C47-956E-C0ED005B7E2F} = {4E629711-0B67-477D-9AE4-3AF1650A8875}
		{0EBEA8FA-E31D-4009-AD55-DC0421831E2D} = {4E629711-0B67-477D-9AE4-3AF1650A8875}
		{1728D152-E92D-4A94-9427-CC0B30F11D27} = {4E629711-0B67-477D-9AE4-3AF1650A8875}
		{8F3AE7E7-BA92-42C8-9C6A-1C3BC09C1A18} = {4E629711-0B67-477D-9AE4-3AF1650A8875}
		{00CF6488-15C4-4589-BA13-6731B24FE2BB} = {4E629711-0B67-477D-9AE4-3AF1650A8875}
		{88264074-E84B-48A2-9918-BDDE87EE9632} = {4E629711-0B67-477D-9AE4-3AF1650A8875}
		{55FFC892-0B14-42A1-AD36-3F608BD4A1B8} = {4E629711-0B67-477D-9AE4-3AF1650A8875}
		{E99EEE5A-65E6-4C03-9D50-042BA27668D1} = {4E629711-0B67-477D-9AE4-3AF1650A8875}
		{E3109D8D-1A12-457B-A066-9AC7D3D1B47D} = {4E629711-0B67-477D-9AE4-3AF1650A8875}
		{5F22A1CA-E40E-4AEC-8332-DAFF32DC5DBC} = {4E629711-0B67-477D-9AE4-3AF1650A8875}
		{99D3CE1E-DF34-4E82-A3AC-2C472D631EA2} = {2DD92529-1789-4D55-94CA-1C99CF811B95}
		{784FC96E-49E8-4792-AE95-B946983B3E0D} = {2DD92529-1789-4D55-94CA-1C99CF811B95}
		{30C49B2E-F91F-41B8-BE55-FD43456F2277} = {2DD92529-1789-4D55-94CA-1C99CF811B95}
		{2873347F-88FC-45D0-92AA-F303CE0FFB45} = {2DD92529-1789-4D55-94CA-1C99CF811B95}
		{0F8A722F-C1E9-4BD7-9ECB-4CDFB1B8F7E6} = {2DD92529-1789-4D55-94CA-1C99CF811B95}
		{0A8832CC-0028-4186-B67C-AE39FC4436E4} = {2DD92529-1789-4D55-94CA-1C99CF811B95}
		{8E12A3CE-944F-41A4-AA64-15361DE99C02} = {90356450-3807-4EDB-B250-597F52B93C71}
		{C48F8B5B-7588-4B93-A090-EB535531BBC1} = {90356450-3807-4EDB-B250-597F52B93C71}
		{B2EBD4E7-E28A-4640-974D-889EA8499F63} = {4E629711-0B67-477D-9AE4-3AF1650A8875}
		{21D4FD82-E37F-4956-95C5-93C24407FC7D} = {90356450-3807-4EDB-B250-597F52B93C71}
		{DECFE311-B28A-4B0E-8C21-0A77869507F7} = {90356450-3807-4EDB-B250-597F52B93C71}
		{6ABE62EC-8642-47F4-9D96-029DA1505AB1} = {90356450-3807-4EDB-B250-597F52B93C71}
		{E852DDD5-7D79-42D9-8C78-16C46623AA89} = {90356450-3807-4EDB-B250-597F52B93C71}
		{0124B1A1-7733-4D39-8DC7-26DE542CE14C} = {90356450-3807-4EDB-B250-597F52B93C71}
		{6CE17919-D8EE-4BAF-AEA5-7BDD551A276B} = {90356450-3807-4EDB-B250-597F52B93C71}
		{A41C27D6-AF8B-48B2-BB3B-63F5B3540404} = {90356450-3807-4EDB-B250-597F52B93C71}
		{4312D3C0-1DA6-478C-A660-2D7DA2EF8A25} = {90356450-3807-4EDB-B250-597F52B93C71}
		{3536E1E0-1866-4D50-B952-52481197E0A5} = {90356450-3807-4EDB-B250-597F52B93C71}
		{6A990C4F-FB31-406F-92AE-7FBDC25E0CC9} = {90356450-3807-4EDB-B250-597F52B93C71}
		{76593FE4-39DE-413F-B8A8-E5B9DD675D15} = {5319D63B-8269-4BDF-94F3-9ADE27C002D3}
		{9CFD6DF8-6F35-4DEB-800C-55F64A5C8899} = {5319D63B-8269-4BDF-94F3-9ADE27C002D3}
		{EBAA6BA8-EC41-4B3E-A849-65A13A04D8E2} = {5319D63B-8269-4BDF-94F3-9ADE27C002D3}
		{B693802E-2E41-4DA4-B5A7-0646922CBBF4} = {5319D63B-8269-4BDF-94F3-9ADE27C002D3}
		{110668E2-3D94-4E23-B32F-E709B8A24C08} = {5319D63B-8269-4BDF-94F3-9ADE27C002D3}
		{07656B88-22C2-48F8-83E2-5767B3AB2F92} = {5319D63B-8269-4BDF-94F3-9ADE27C002D3}
		{AFCFF3B1-2080-4718-ACA3-860D4D3C0083} = {C5E73DA3-0402-4618-A24F-CE6A22495E6C}
		{3D47C4B4-E140-4888-8722-CF4571F9363D} = {C5E73DA3-0402-4618-A24F-CE6A22495E6C}
		{8E1729E3-0997-400D-9107-F32E1D404530} = {C5E73DA3-0402-4618-A24F-CE6A22495E6C}
		{016D5506-E17D-44A3-833E-B3E38779502F} = {C5E73DA3-0402-4618-A24F-CE6A22495E6C}
		{F76A6434-ABFA-4337-A593-15A28E077911} = {C5E73DA3-0402-4618-A24F-CE6A22495E6C}
		{EE0D3F2C-D253-4854-BC34-53F6FD119A09} = {C5E73DA3-0402-4618-A24F-CE6A22495E6C}
		{35F94E70-8178-441E-9CB4-D7639652AD1D} = {C5E73DA3-0402-4618-A24F-CE6A22495E6C}
		{02A3F2EB-7042-4FA2-8184-B1D6CAD8DA52} = {C5E73DA3-0402-4618-A24F-CE6A22495E6C}
		{7A804390-440C-4D9D-BB7A-FC798F8B3C63} = {47A7916E-DE91-4E62-A122-59427E2E8F5F}
		{D4EA7F11-42FB-42FD-91F7-7D6FD25B97A5} = {47A7916E-DE91-4E62-A122-59427E2E8F5F}
		{1C216D96-BEE3-44E5-9736-D991C8F10A44} = {47A7916E-DE91-4E62-A122-59427E2E8F5F}
		{D080204C-179C-45F1-B0D7-F26138EF118E} = {47A7916E-DE91-4E62-A122-59427E2E8F5F}
		{533BAF64-D92F-47D3-9365-5AD621B50484} = {47A7916E-DE91-4E62-A122-59427E2E8F5F}
		{4AC7161C-377B-484E-8720-7E6FF348C1C3} = {47A7916E-DE91-4E62-A122-59427E2E8F5F}
		{F13B6C92-8CC9-468C-B222-42611E772E88} = {47A7916E-DE91-4E62-A122-59427E2E8F5F}
		{07474422-2C35-4526-942C-8A8DE727E564} = {47A7916E-DE91-4E62-A122-59427E2E8F5F}
		{7F87FFB4-1065-4EEF-8E18-412B346E7A40} = {47A7916E-DE91-4E62-A122-59427E2E8F5F}
		{E07EAC73-4547-438A-B3CA-6CA723A8D8E4} = {47A7916E-DE91-4E62-A122-59427E2E8F5F}
		{ADB854B0-0851-4F84-B822-5A551A6514C1} = {47A7916E-DE91-4E62-A122-59427E2E8F5F}
		{15832E0A-8246-4FF6-980A-30087DE8773A} = {47A7916E-DE91-4E62-A122-59427E2E8F5F}
		{C1E75B60-F728-45F4-B95E-8CB963E0673D} = {47A7916E-DE91-4E62-A122-59427E2E8F5F}
		{C133327C-A19F-428E-A36B-62F58BBBF6E9} = {20AF03C1-16EC-4F3A-A9C2-0CD80E380651}
		{6C672429-3C72-4ECD-9BC8-BE562B5F6B9E} = {20AF03C1-16EC-4F3A-A9C2-0CD80E380651}
		{1E115039-2811-4651-A5E7-C0E6E871A782} = {20AF03C1-16EC-4F3A-A9C2-0CD80E380651}
		{3B77AB74-0F33-440B-8701-F8304066F251} = {20AF03C1-16EC-4F3A-A9C2-0CD80E380651}
		{E3C92104-9619-4C01-9578-20FE5F26B4BD} = {20AF03C1-16EC-4F3A-A9C2-0CD80E380651}
		{0C0A6312-9686-4992-9ACA-09D386A3B3BE} = {20AF03C1-16EC-4F3A-A9C2-0CD80E380651}
		{42566556-81EC-48F2-BEBD-2C52BB41BDC7} = {6DAD0E63-C259-4976-A375-F6E204DC2776}
		{757559D7-E2A8-45AA-BC2C-4B0C5FA4EEA1} = {6DAD0E63-C259-4976-A375-F6E204DC2776}
		{F0FA559A-10AA-4732-A205-2BD05688E5A1} = {6DAD0E63-C259-4976-A375-F6E204DC2776}
		{5744813F-588D-463D-8C17-AEEF93C7D7B4} = {6DAD0E63-C259-4976-A375-F6E204DC2776}
		{6CA7080E-FFD6-4B32-B09C-AB407BE13FDB} = {BEF141D7-D8CA-40F6-B44B-B775563FD584}
		{08737B11-0FA2-4CAF-8012-90107F33A1FF} = {BEF141D7-D8CA-40F6-B44B-B775563FD584}
		{84AF27C0-1A79-4709-928F-D58D43CAF352} = {BEF141D7-D8CA-40F6-B44B-B775563FD584}
	EndGlobalSection
	GlobalSection(ExtensibilityGlobals) = postSolution
		SolutionGuid = {006608A7-B1F3-4148-A64B-F7BD36AB5346}
	EndGlobalSection
EndGlobal
